
Microsoft Visual Studio Solution File, Format Version 12.00
# Visual Studio Version 17
VisualStudioVersion = 17.8.34408.163
MinimumVisualStudioVersion = 10.0.40219.1
Project("{FAE04EC0-301F-11D3-BF4B-00C04F79EFBC}") = "PokeAPI", "PokeAPI\PokeAPI.csproj", "{C67804FF-1AD9-49CB-8130-8B6CAE49968A}"
EndProject
Global
	GlobalSection(SolutionConfigurationPlatforms) = preSolution
		Debug|Any CPU = Debug|Any CPU
		Release|Any CPU = Release|Any CPU
	EndGlobalSection
	GlobalSection(ProjectConfigurationPlatforms) = postSolution
		{C67804FF-1AD9-49CB-8130-8B6CAE49968A}.Debug|Any CPU.ActiveCfg = Debug|Any CPU
		{C67804FF-1AD9-49CB-8130-8B6CAE49968A}.Debug|Any CPU.Build.0 = Debug|Any CPU
		{C67804FF-1AD9-49CB-8130-8B6CAE49968A}.Release|Any CPU.ActiveCfg = Release|Any CPU
		{C67804FF-1AD9-49CB-8130-8B6CAE49968A}.Release|Any CPU.Build.0 = Release|Any CPU
	EndGlobalSection
	GlobalSection(SolutionProperties) = preSolution
		HideSolutionNode = FALSE
	EndGlobalSection
	GlobalSection(ExtensibilityGlobals) = postSolution
		SolutionGuid = {3F19C5E0-938B-41D0-A45B-0201500C2BA4}
	EndGlobalSection
EndGlobal
